// !$*UTF8*$!
{
	archiveVersion = 1;
	classes = {
	};
	objectVersion = 48;
	objects = {

/* Begin PBXBuildFile section */
		525EF8B1201E39830037BD12 /* RestaurantTabBarController.swift in Sources */ = {isa = PBXBuildFile; fileRef = 525EF8B0201E39830037BD12 /* RestaurantTabBarController.swift */; };
		5291AC282014506F00E01247 /* AppDelegate.swift in Sources */ = {isa = PBXBuildFile; fileRef = 5291AC272014506F00E01247 /* AppDelegate.swift */; };
		5291AC2C2014506F00E01247 /* SecondViewController.swift in Sources */ = {isa = PBXBuildFile; fileRef = 5291AC2B2014506F00E01247 /* SecondViewController.swift */; };
		5291AC2F2014506F00E01247 /* Main.storyboard in Resources */ = {isa = PBXBuildFile; fileRef = 5291AC2D2014506F00E01247 /* Main.storyboard */; };
		5291AC342014506F00E01247 /* LaunchScreen.storyboard in Resources */ = {isa = PBXBuildFile; fileRef = 5291AC322014506F00E01247 /* LaunchScreen.storyboard */; };
		5291AC432014AC4B00E01247 /* SearchTableControl.swift in Sources */ = {isa = PBXBuildFile; fileRef = 5291AC422014AC4B00E01247 /* SearchTableControl.swift */; };
		5291AC452014B24200E01247 /* Assets.xcassets in Resources */ = {isa = PBXBuildFile; fileRef = 5291AC442014B24200E01247 /* Assets.xcassets */; };
		5291AC47201596AF00E01247 /* UserLocation.swift in Sources */ = {isa = PBXBuildFile; fileRef = 5291AC46201596AF00E01247 /* UserLocation.swift */; };
		5291AC492015D26400E01247 /* RestaurantDetailController.swift in Sources */ = {isa = PBXBuildFile; fileRef = 5291AC482015D26400E01247 /* RestaurantDetailController.swift */; };
		5291AC4C20161F0E00E01247 /* MapViewController.swift in Sources */ = {isa = PBXBuildFile; fileRef = 5291AC4B20161F0E00E01247 /* MapViewController.swift */; };
		5291AC4E20163BFC00E01247 /* Meal.swift in Sources */ = {isa = PBXBuildFile; fileRef = 5291AC4D20163BFC00E01247 /* Meal.swift */; };
		5291AC5020163C4400E01247 /* MealTableViewController.swift in Sources */ = {isa = PBXBuildFile; fileRef = 5291AC4F20163C4400E01247 /* MealTableViewController.swift */; };
		5291AC5220163E9400E01247 /* ShoppingCart.swift in Sources */ = {isa = PBXBuildFile; fileRef = 5291AC5120163E9400E01247 /* ShoppingCart.swift */; };
		5291AC54201702B300E01247 /* Preferences.swift in Sources */ = {isa = PBXBuildFile; fileRef = 5291AC53201702B300E01247 /* Preferences.swift */; };
		D2BAA7B458A745E4D904F420 /* Pods_EC_Canteen.framework in Frameworks */ = {isa = PBXBuildFile; fileRef = 7AF1A6A40BA09CD52129871A /* Pods_EC_Canteen.framework */; };
/* End PBXBuildFile section */

/* Begin PBXFileReference section */
		25CFF469AFCB4517721F1DA4 /* Pods-EC Canteen.debug.xcconfig */ = {isa = PBXFileReference; includeInIndex = 1; lastKnownFileType = text.xcconfig; name = "Pods-EC Canteen.debug.xcconfig"; path = "Pods/Target Support Files/Pods-EC Canteen/Pods-EC Canteen.debug.xcconfig"; sourceTree = "<group>"; };
		525EF8B0201E39830037BD12 /* RestaurantTabBarController.swift */ = {isa = PBXFileReference; lastKnownFileType = sourcecode.swift; path = RestaurantTabBarController.swift; sourceTree = "<group>"; };
		5291AC242014506F00E01247 /* EC Canteen.app */ = {isa = PBXFileReference; explicitFileType = wrapper.application; includeInIndex = 0; path = "EC Canteen.app"; sourceTree = BUILT_PRODUCTS_DIR; };
		5291AC272014506F00E01247 /* AppDelegate.swift */ = {isa = PBXFileReference; lastKnownFileType = sourcecode.swift; path = AppDelegate.swift; sourceTree = "<group>"; };
		5291AC2B2014506F00E01247 /* SecondViewController.swift */ = {isa = PBXFileReference; lastKnownFileType = sourcecode.swift; path = SecondViewController.swift; sourceTree = "<group>"; };
		5291AC2E2014506F00E01247 /* Base */ = {isa = PBXFileReference; lastKnownFileType = file.storyboard; name = Base; path = Base.lproj/Main.storyboard; sourceTree = "<group>"; };
		5291AC332014506F00E01247 /* Base */ = {isa = PBXFileReference; lastKnownFileType = file.storyboard; name = Base; path = Base.lproj/LaunchScreen.storyboard; sourceTree = "<group>"; };
		5291AC352014506F00E01247 /* Info.plist */ = {isa = PBXFileReference; lastKnownFileType = text.plist.xml; path = Info.plist; sourceTree = "<group>"; };
		5291AC3B2014534200E01247 /* zh-Hant */ = {isa = PBXFileReference; lastKnownFileType = text.plist.strings; name = "zh-Hant"; path = "zh-Hant.lproj/Main.strings"; sourceTree = "<group>"; };
		5291AC3C2014534200E01247 /* zh-Hant */ = {isa = PBXFileReference; lastKnownFileType = text.plist.strings; name = "zh-Hant"; path = "zh-Hant.lproj/LaunchScreen.strings"; sourceTree = "<group>"; };
		5291AC422014AC4B00E01247 /* SearchTableControl.swift */ = {isa = PBXFileReference; lastKnownFileType = sourcecode.swift; name = SearchTableControl.swift; path = "EC Canteen/SearchTableControl.swift"; sourceTree = SOURCE_ROOT; };
		5291AC442014B24200E01247 /* Assets.xcassets */ = {isa = PBXFileReference; lastKnownFileType = folder.assetcatalog; path = Assets.xcassets; sourceTree = "<group>"; };
		5291AC46201596AF00E01247 /* UserLocation.swift */ = {isa = PBXFileReference; lastKnownFileType = sourcecode.swift; path = UserLocation.swift; sourceTree = "<group>"; };
		5291AC482015D26400E01247 /* RestaurantDetailController.swift */ = {isa = PBXFileReference; lastKnownFileType = sourcecode.swift; path = RestaurantDetailController.swift; sourceTree = "<group>"; };
		5291AC4B20161F0E00E01247 /* MapViewController.swift */ = {isa = PBXFileReference; lastKnownFileType = sourcecode.swift; path = MapViewController.swift; sourceTree = "<group>"; };
		5291AC4D20163BFC00E01247 /* Meal.swift */ = {isa = PBXFileReference; lastKnownFileType = sourcecode.swift; path = Meal.swift; sourceTree = "<group>"; };
		5291AC4F20163C4400E01247 /* MealTableViewController.swift */ = {isa = PBXFileReference; lastKnownFileType = sourcecode.swift; path = MealTableViewController.swift; sourceTree = "<group>"; };
		5291AC5120163E9400E01247 /* ShoppingCart.swift */ = {isa = PBXFileReference; lastKnownFileType = sourcecode.swift; path = ShoppingCart.swift; sourceTree = "<group>"; };
		5291AC53201702B300E01247 /* Preferences.swift */ = {isa = PBXFileReference; lastKnownFileType = sourcecode.swift; path = Preferences.swift; sourceTree = "<group>"; };
		641AE0A9FB3C01E927C03B67 /* Pods-EC Canteen.release.xcconfig */ = {isa = PBXFileReference; includeInIndex = 1; lastKnownFileType = text.xcconfig; name = "Pods-EC Canteen.release.xcconfig"; path = "Pods/Target Support Files/Pods-EC Canteen/Pods-EC Canteen.release.xcconfig"; sourceTree = "<group>"; };
		7AF1A6A40BA09CD52129871A /* Pods_EC_Canteen.framework */ = {isa = PBXFileReference; explicitFileType = wrapper.framework; includeInIndex = 0; path = Pods_EC_Canteen.framework; sourceTree = BUILT_PRODUCTS_DIR; };
/* End PBXFileReference section */

/* Begin PBXFrameworksBuildPhase section */
		5291AC212014506F00E01247 /* Frameworks */ = {
			isa = PBXFrameworksBuildPhase;
			buildActionMask = 2147483647;
			files = (
				D2BAA7B458A745E4D904F420 /* Pods_EC_Canteen.framework in Frameworks */,
			);
			runOnlyForDeploymentPostprocessing = 0;
		};
/* End PBXFrameworksBuildPhase section */

/* Begin PBXGroup section */
		5291AC1B2014506F00E01247 = {
			isa = PBXGroup;
			children = (
				5291AC262014506F00E01247 /* EC Canteen */,
				5291AC252014506F00E01247 /* Products */,
				C8F92FB90584E580728029FE /* Pods */,
				C5958A74739DD31EC18EFAF4 /* Frameworks */,
			);
			sourceTree = "<group>";
		};
		5291AC252014506F00E01247 /* Products */ = {
			isa = PBXGroup;
			children = (
				5291AC242014506F00E01247 /* EC Canteen.app */,
			);
			name = Products;
			sourceTree = "<group>";
		};
		5291AC262014506F00E01247 /* EC Canteen */ = {
			isa = PBXGroup;
			children = (
				5291AC4A20161C3400E01247 /* Library */,
				5291AC442014B24200E01247 /* Assets.xcassets */,
				5291AC3F20148A8C00E01247 /* UIComponents */,
				5291AC272014506F00E01247 /* AppDelegate.swift */,
				5291AC2D2014506F00E01247 /* Main.storyboard */,
				5291AC322014506F00E01247 /* LaunchScreen.storyboard */,
				5291AC352014506F00E01247 /* Info.plist */,
				5291AC4D20163BFC00E01247 /* Meal.swift */,
				5291AC5120163E9400E01247 /* ShoppingCart.swift */,
			);
			path = "EC Canteen";
			sourceTree = "<group>";
		};
		5291AC3F20148A8C00E01247 /* UIComponents */ = {
			isa = PBXGroup;
			children = (
				5291AC482015D26400E01247 /* RestaurantDetailController.swift */,
				5291AC4F20163C4400E01247 /* MealTableViewController.swift */,
				5291AC422014AC4B00E01247 /* SearchTableControl.swift */,
				5291AC4B20161F0E00E01247 /* MapViewController.swift */,
				5291AC2B2014506F00E01247 /* SecondViewController.swift */,
				525EF8B0201E39830037BD12 /* RestaurantTabBarController.swift */,
			);
			path = UIComponents;
			sourceTree = "<group>";
		};
		5291AC4A20161C3400E01247 /* Library */ = {
			isa = PBXGroup;
			children = (
				5291AC46201596AF00E01247 /* UserLocation.swift */,
				5291AC53201702B300E01247 /* Preferences.swift */,
			);
			path = Library;
			sourceTree = "<group>";
		};
		C5958A74739DD31EC18EFAF4 /* Frameworks */ = {
			isa = PBXGroup;
			children = (
				7AF1A6A40BA09CD52129871A /* Pods_EC_Canteen.framework */,
			);
			name = Frameworks;
			sourceTree = "<group>";
		};
		C8F92FB90584E580728029FE /* Pods */ = {
			isa = PBXGroup;
			children = (
				25CFF469AFCB4517721F1DA4 /* Pods-EC Canteen.debug.xcconfig */,
				641AE0A9FB3C01E927C03B67 /* Pods-EC Canteen.release.xcconfig */,
			);
			name = Pods;
			sourceTree = "<group>";
		};
/* End PBXGroup section */

/* Begin PBXNativeTarget section */
		5291AC232014506F00E01247 /* EC Canteen */ = {
			isa = PBXNativeTarget;
			buildConfigurationList = 5291AC382014506F00E01247 /* Build configuration list for PBXNativeTarget "EC Canteen" */;
			buildPhases = (
				6EFF1FDDD46FCF7B1BC7A690 /* [CP] Check Pods Manifest.lock */,
				5291AC202014506F00E01247 /* Sources */,
				5291AC212014506F00E01247 /* Frameworks */,
				5291AC222014506F00E01247 /* Resources */,
				C090D7052BC75F9418AC8240 /* [CP] Embed Pods Frameworks */,
				4110FA78C7F3540D6B431619 /* [CP] Copy Pods Resources */,
			);
			buildRules = (
			);
			dependencies = (
			);
			name = "EC Canteen";
			productName = "EC Canteen";
			productReference = 5291AC242014506F00E01247 /* EC Canteen.app */;
			productType = "com.apple.product-type.application";
		};
/* End PBXNativeTarget section */

/* Begin PBXProject section */
		5291AC1C2014506F00E01247 /* Project object */ = {
			isa = PBXProject;
			attributes = {
				LastSwiftUpdateCheck = 0920;
				LastUpgradeCheck = 0920;
				ORGANIZATIONNAME = MHW1701;
				TargetAttributes = {
					5291AC232014506F00E01247 = {
						CreatedOnToolsVersion = 9.2;
						ProvisioningStyle = Automatic;
					};
				};
			};
			buildConfigurationList = 5291AC1F2014506F00E01247 /* Build configuration list for PBXProject "EC Canteen" */;
			compatibilityVersion = "Xcode 8.0";
			developmentRegion = en;
			hasScannedForEncodings = 0;
			knownRegions = (
				en,
				Base,
			);
			mainGroup = 5291AC1B2014506F00E01247;
			productRefGroup = 5291AC252014506F00E01247 /* Products */;
			projectDirPath = "";
			projectRoot = "";
			targets = (
				5291AC232014506F00E01247 /* EC Canteen */,
			);
		};
/* End PBXProject section */

/* Begin PBXResourcesBuildPhase section */
		5291AC222014506F00E01247 /* Resources */ = {
			isa = PBXResourcesBuildPhase;
			buildActionMask = 2147483647;
			files = (
				5291AC342014506F00E01247 /* LaunchScreen.storyboard in Resources */,
				5291AC452014B24200E01247 /* Assets.xcassets in Resources */,
				5291AC2F2014506F00E01247 /* Main.storyboard in Resources */,
			);
			runOnlyForDeploymentPostprocessing = 0;
		};
/* End PBXResourcesBuildPhase section */

/* Begin PBXShellScriptBuildPhase section */
		4110FA78C7F3540D6B431619 /* [CP] Copy Pods Resources */ = {
			isa = PBXShellScriptBuildPhase;
			buildActionMask = 2147483647;
			files = (
			);
			inputPaths = (
				"${SRCROOT}/Pods/Target Support Files/Pods-EC Canteen/Pods-EC Canteen-resources.sh",
				"${PODS_ROOT}/GoogleMaps/Maps/Frameworks/GoogleMaps.framework/Resources/GoogleMaps.bundle",
				"${PODS_ROOT}/GooglePlaces/Frameworks/GooglePlaces.framework/Resources/GooglePlaces.bundle",
			);
			name = "[CP] Copy Pods Resources";
			outputPaths = (
				"${TARGET_BUILD_DIR}/${UNLOCALIZED_RESOURCES_FOLDER_PATH}/GoogleMaps.bundle",
				"${TARGET_BUILD_DIR}/${UNLOCALIZED_RESOURCES_FOLDER_PATH}/GooglePlaces.bundle",
			);
			runOnlyForDeploymentPostprocessing = 0;
			shellPath = /bin/sh;
			shellScript = "\"${SRCROOT}/Pods/Target Support Files/Pods-EC Canteen/Pods-EC Canteen-resources.sh\"\n";
			showEnvVarsInLog = 0;
		};
		6EFF1FDDD46FCF7B1BC7A690 /* [CP] Check Pods Manifest.lock */ = {
			isa = PBXShellScriptBuildPhase;
			buildActionMask = 2147483647;
			files = (
			);
			inputPaths = (
				"${PODS_PODFILE_DIR_PATH}/Podfile.lock",
				"${PODS_ROOT}/Manifest.lock",
			);
			name = "[CP] Check Pods Manifest.lock";
			outputPaths = (
				"$(DERIVED_FILE_DIR)/Pods-EC Canteen-checkManifestLockResult.txt",
			);
			runOnlyForDeploymentPostprocessing = 0;
			shellPath = /bin/sh;
			shellScript = "diff \"${PODS_PODFILE_DIR_PATH}/Podfile.lock\" \"${PODS_ROOT}/Manifest.lock\" > /dev/null\nif [ $? != 0 ] ; then\n    # print error to STDERR\n    echo \"error: The sandbox is not in sync with the Podfile.lock. Run 'pod install' or update your CocoaPods installation.\" >&2\n    exit 1\nfi\n# This output is used by Xcode 'outputs' to avoid re-running this script phase.\necho \"SUCCESS\" > \"${SCRIPT_OUTPUT_FILE_0}\"\n";
			showEnvVarsInLog = 0;
		};
		C090D7052BC75F9418AC8240 /* [CP] Embed Pods Frameworks */ = {
			isa = PBXShellScriptBuildPhase;
			buildActionMask = 2147483647;
			files = (
			);
			inputPaths = (
				"${SRCROOT}/Pods/Target Support Files/Pods-EC Canteen/Pods-EC Canteen-frameworks.sh",
				"${BUILT_PRODUCTS_DIR}/Alamofire/Alamofire.framework",
				"${BUILT_PRODUCTS_DIR}/Stripe/Stripe.framework",
				"${BUILT_PRODUCTS_DIR}/SwiftyJSON/SwiftyJSON.framework",
			);
			name = "[CP] Embed Pods Frameworks";
			outputPaths = (
				"${TARGET_BUILD_DIR}/${FRAMEWORKS_FOLDER_PATH}/Alamofire.framework",
				"${TARGET_BUILD_DIR}/${FRAMEWORKS_FOLDER_PATH}/Stripe.framework",
				"${TARGET_BUILD_DIR}/${FRAMEWORKS_FOLDER_PATH}/SwiftyJSON.framework",
			);
			runOnlyForDeploymentPostprocessing = 0;
			shellPath = /bin/sh;
			shellScript = "\"${SRCROOT}/Pods/Target Support Files/Pods-EC Canteen/Pods-EC Canteen-frameworks.sh\"\n";
			showEnvVarsInLog = 0;
		};
/* End PBXShellScriptBuildPhase section */

/* Begin PBXSourcesBuildPhase section */
		5291AC202014506F00E01247 /* Sources */ = {
			isa = PBXSourcesBuildPhase;
			buildActionMask = 2147483647;
			files = (
				5291AC432014AC4B00E01247 /* SearchTableControl.swift in Sources */,
				5291AC2C2014506F00E01247 /* SecondViewController.swift in Sources */,
				5291AC54201702B300E01247 /* Preferences.swift in Sources */,
				525EF8B1201E39830037BD12 /* RestaurantTabBarController.swift in Sources */,
				5291AC492015D26400E01247 /* RestaurantDetailController.swift in Sources */,
				5291AC282014506F00E01247 /* AppDelegate.swift in Sources */,
				5291AC4E20163BFC00E01247 /* Meal.swift in Sources */,
				5291AC5220163E9400E01247 /* ShoppingCart.swift in Sources */,
				5291AC5020163C4400E01247 /* MealTableViewController.swift in Sources */,
				5291AC47201596AF00E01247 /* UserLocation.swift in Sources */,
				5291AC4C20161F0E00E01247 /* MapViewController.swift in Sources */,
			);
			runOnlyForDeploymentPostprocessing = 0;
		};
/* End PBXSourcesBuildPhase section */

/* Begin PBXVariantGroup section */
		5291AC2D2014506F00E01247 /* Main.storyboard */ = {
			isa = PBXVariantGroup;
			children = (
				5291AC2E2014506F00E01247 /* Base */,
				5291AC3B2014534200E01247 /* zh-Hant */,
			);
			name = Main.storyboard;
			sourceTree = "<group>";
		};
		5291AC322014506F00E01247 /* LaunchScreen.storyboard */ = {
			isa = PBXVariantGroup;
			children = (
				5291AC332014506F00E01247 /* Base */,
				5291AC3C2014534200E01247 /* zh-Hant */,
			);
			name = LaunchScreen.storyboard;
			sourceTree = "<group>";
		};
/* End PBXVariantGroup section */

/* Begin XCBuildConfiguration section */
		5291AC362014506F00E01247 /* Debug */ = {
			isa = XCBuildConfiguration;
			buildSettings = {
				ALWAYS_SEARCH_USER_PATHS = NO;
				CLANG_ANALYZER_LOCALIZABILITY_NONLOCALIZED = YES;
				CLANG_ANALYZER_NONNULL = YES;
				CLANG_ANALYZER_NUMBER_OBJECT_CONVERSION = YES_AGGRESSIVE;
				CLANG_CXX_LANGUAGE_STANDARD = "gnu++14";
				CLANG_CXX_LIBRARY = "libc++";
				CLANG_ENABLE_MODULES = YES;
				CLANG_ENABLE_OBJC_ARC = YES;
				CLANG_WARN_BLOCK_CAPTURE_AUTORELEASING = YES;
				CLANG_WARN_BOOL_CONVERSION = YES;
				CLANG_WARN_COMMA = YES;
				CLANG_WARN_CONSTANT_CONVERSION = YES;
				CLANG_WARN_DIRECT_OBJC_ISA_USAGE = YES_ERROR;
				CLANG_WARN_DOCUMENTATION_COMMENTS = YES;
				CLANG_WARN_EMPTY_BODY = YES;
				CLANG_WARN_ENUM_CONVERSION = YES;
				CLANG_WARN_INFINITE_RECURSION = YES;
				CLANG_WARN_INT_CONVERSION = YES;
				CLANG_WARN_NON_LITERAL_NULL_CONVERSION = YES;
				CLANG_WARN_OBJC_LITERAL_CONVERSION = YES;
				CLANG_WARN_OBJC_ROOT_CLASS = YES_ERROR;
				CLANG_WARN_RANGE_LOOP_ANALYSIS = YES;
				CLANG_WARN_STRICT_PROTOTYPES = YES;
				CLANG_WARN_SUSPICIOUS_MOVE = YES;
				CLANG_WARN_UNGUARDED_AVAILABILITY = YES_AGGRESSIVE;
				CLANG_WARN_UNREACHABLE_CODE = YES;
				CLANG_WARN__DUPLICATE_METHOD_MATCH = YES;
				CODE_SIGN_IDENTITY = "iPhone Developer";
				COPY_PHASE_STRIP = NO;
				DEBUG_INFORMATION_FORMAT = dwarf;
				ENABLE_STRICT_OBJC_MSGSEND = YES;
				ENABLE_TESTABILITY = YES;
				GCC_C_LANGUAGE_STANDARD = gnu11;
				GCC_DYNAMIC_NO_PIC = NO;
				GCC_NO_COMMON_BLOCKS = YES;
				GCC_OPTIMIZATION_LEVEL = 0;
				GCC_PREPROCESSOR_DEFINITIONS = (
					"DEBUG=1",
					"$(inherited)",
				);
				GCC_WARN_64_TO_32_BIT_CONVERSION = YES;
				GCC_WARN_ABOUT_RETURN_TYPE = YES_ERROR;
				GCC_WARN_UNDECLARED_SELECTOR = YES;
				GCC_WARN_UNINITIALIZED_AUTOS = YES_AGGRESSIVE;
				GCC_WARN_UNUSED_FUNCTION = YES;
				GCC_WARN_UNUSED_VARIABLE = YES;
				IPHONEOS_DEPLOYMENT_TARGET = 11.2;
				MTL_ENABLE_DEBUG_INFO = YES;
				ONLY_ACTIVE_ARCH = YES;
				SDKROOT = iphoneos;
				SWIFT_ACTIVE_COMPILATION_CONDITIONS = DEBUG;
				SWIFT_OPTIMIZATION_LEVEL = "-Onone";
			};
			name = Debug;
		};
		5291AC372014506F00E01247 /* Release */ = {
			isa = XCBuildConfiguration;
			buildSettings = {
				ALWAYS_SEARCH_USER_PATHS = NO;
				CLANG_ANALYZER_LOCALIZABILITY_NONLOCALIZED = YES;
				CLANG_ANALYZER_NONNULL = YES;
				CLANG_ANALYZER_NUMBER_OBJECT_CONVERSION = YES_AGGRESSIVE;
				CLANG_CXX_LANGUAGE_STANDARD = "gnu++14";
				CLANG_CXX_LIBRARY = "libc++";
				CLANG_ENABLE_MODULES = YES;
				CLANG_ENABLE_OBJC_ARC = YES;
				CLANG_WARN_BLOCK_CAPTURE_AUTORELEASING = YES;
				CLANG_WARN_BOOL_CONVERSION = YES;
				CLANG_WARN_COMMA = YES;
				CLANG_WARN_CONSTANT_CONVERSION = YES;
				CLANG_WARN_DIRECT_OBJC_ISA_USAGE = YES_ERROR;
				CLANG_WARN_DOCUMENTATION_COMMENTS = YES;
				CLANG_WARN_EMPTY_BODY = YES;
				CLANG_WARN_ENUM_CONVERSION = YES;
				CLANG_WARN_INFINITE_RECURSION = YES;
				CLANG_WARN_INT_CONVERSION = YES;
				CLANG_WARN_NON_LITERAL_NULL_CONVERSION = YES;
				CLANG_WARN_OBJC_LITERAL_CONVERSION = YES;
				CLANG_WARN_OBJC_ROOT_CLASS = YES_ERROR;
				CLANG_WARN_RANGE_LOOP_ANALYSIS = YES;
				CLANG_WARN_STRICT_PROTOTYPES = YES;
				CLANG_WARN_SUSPICIOUS_MOVE = YES;
				CLANG_WARN_UNGUARDED_AVAILABILITY = YES_AGGRESSIVE;
				CLANG_WARN_UNREACHABLE_CODE = YES;
				CLANG_WARN__DUPLICATE_METHOD_MATCH = YES;
				CODE_SIGN_IDENTITY = "iPhone Developer";
				COPY_PHASE_STRIP = NO;
				DEBUG_INFORMATION_FORMAT = "dwarf-with-dsym";
				ENABLE_NS_ASSERTIONS = NO;
				ENABLE_STRICT_OBJC_MSGSEND = YES;
				GCC_C_LANGUAGE_STANDARD = gnu11;
				GCC_NO_COMMON_BLOCKS = YES;
				GCC_WARN_64_TO_32_BIT_CONVERSION = YES;
				GCC_WARN_ABOUT_RETURN_TYPE = YES_ERROR;
				GCC_WARN_UNDECLARED_SELECTOR = YES;
				GCC_WARN_UNINITIALIZED_AUTOS = YES_AGGRESSIVE;
				GCC_WARN_UNUSED_FUNCTION = YES;
				GCC_WARN_UNUSED_VARIABLE = YES;
				IPHONEOS_DEPLOYMENT_TARGET = 11.2;
				MTL_ENABLE_DEBUG_INFO = NO;
				SDKROOT = iphoneos;
				SWIFT_OPTIMIZATION_LEVEL = "-Owholemodule";
				VALIDATE_PRODUCT = YES;
			};
			name = Release;
		};
		5291AC392014506F00E01247 /* Debug */ = {
			isa = XCBuildConfiguration;
			baseConfigurationReference = 25CFF469AFCB4517721F1DA4 /* Pods-EC Canteen.debug.xcconfig */;
			buildSettings = {
				ASSETCATALOG_COMPILER_APPICON_NAME = AppIcon;
				"CODE_SIGN_IDENTITY[sdk=iphoneos*]" = "iPhone Developer";
				CODE_SIGN_STYLE = Automatic;
				DEVELOPMENT_TEAM = 3KGZVUCKF2;
				INFOPLIST_FILE = "EC Canteen/Info.plist";
				LD_RUNPATH_SEARCH_PATHS = "$(inherited) @executable_path/Frameworks";
				PRODUCT_BUNDLE_IDENTIFIER = jaar.ga.ECanteen;
				PRODUCT_NAME = "$(TARGET_NAME)";
				PROVISIONING_PROFILE_SPECIFIER = "";
				SWIFT_VERSION = 4.0;
				TARGETED_DEVICE_FAMILY = "1,2";
			};
			name = Debug;
		};
		5291AC3A2014506F00E01247 /* Release */ = {
			isa = XCBuildConfiguration;
			baseConfigurationReference = 641AE0A9FB3C01E927C03B67 /* Pods-EC Canteen.release.xcconfig */;
			buildSettings = {
				ASSETCATALOG_COMPILER_APPICON_NAME = AppIcon;
				"CODE_SIGN_IDENTITY[sdk=iphoneos*]" = "iPhone Developer";
				CODE_SIGN_STYLE = Automatic;
				DEVELOPMENT_TEAM = 3KGZVUCKF2;
				INFOPLIST_FILE = "EC Canteen/Info.plist";
				LD_RUNPATH_SEARCH_PATHS = "$(inherited) @executable_path/Frameworks";
				PRODUCT_BUNDLE_IDENTIFIER = jaar.ga.ECanteen;
				PRODUCT_NAME = "$(TARGET_NAME)";
				PROVISIONING_PROFILE_SPECIFIER = "";
				SWIFT_VERSION = 4.0;
				TARGETED_DEVICE_FAMILY = "1,2";
			};
			name = Release;
		};
/* End XCBuildConfiguration section */

/* Begin XCConfigurationList section */
		5291AC1F2014506F00E01247 /* Build configuration list for PBXProject "EC Canteen" */ = {
			isa = XCConfigurationList;
			buildConfigurations = (
				5291AC362014506F00E01247 /* Debug */,
				5291AC372014506F00E01247 /* Release */,
			);
			defaultConfigurationIsVisible = 0;
			defaultConfigurationName = Release;
		};
		5291AC382014506F00E01247 /* Build configuration list for PBXNativeTarget "EC Canteen" */ = {
			isa = XCConfigurationList;
			buildConfigurations = (
				5291AC392014506F00E01247 /* Debug */,
				5291AC3A2014506F00E01247 /* Release */,
			);
			defaultConfigurationIsVisible = 0;
			defaultConfigurationName = Release;
		};
/* End XCConfigurationList section */
	};
	rootObject = 5291AC1C2014506F00E01247 /* Project object */;
}
